{
  "name": "@DoveConviene/terraform_npm",
  "version": "1.0.0",
  "lockfileVersion": 3,
  "requires": true,
  "packages": {
    "": {
      "name": "@DoveConviene/terraform_npm",
      "version": "1.0.0",
      "cpu": [
        "!mips",
        "!mipsel",
        "!ppc",
        "!ppc64",
        "!s390",
        "!s390x"
      ],
      "hasInstallScript": true,
      "license": "AAL",
      "os": [
        "!aix"
      ],
      "dependencies": {
        "progress": "^2.0.0",
        "yauzl": "^2.9.1"
      },
      "bin": {
        "terraform": "src/terraform-wrapper.js",
        "tflint": "src/tflint-wrapper.js"
      },
      "devDependencies": {
        "pkgfiles": "^2.3.2",
        "prettier": "^1.12.1"
      }
    },
    "node_modules/ansi-regex": {
      "version": "2.1.1",
      "resolved": "https://registry.npmjs.org/ansi-regex/-/ansi-regex-2.1.1.tgz",
      "integrity": "sha1-w7M6te42DYbg5ijwRorn7yfWVN8= sha512-TIGnTpdo+E3+pCyAluZvtED5p5wCqLdezCyhPZzKPcxvFplEt4i+W7OONCKgeZFT3+y5NZZfOOS/Bdcanm1MYA==",
      "dev": true,
      "license": "MIT",
      "engines": {
        "node": ">=0.10.0"
      }
    },
    "node_modules/async": {
      "version": "0.1.22",
      "resolved": "https://registry.npmjs.org/async/-/async-0.1.22.tgz",
      "integrity": "sha1-D8GqoIig4+8Ovi2IMbqw3PiEUGE= sha512-2tEzliJmf5fHNafNwQLJXUasGzQCVctvsNkXmnlELHwypU0p08/rHohYvkqKIjyXpx+0rkrYv6QbhJ+UF4QkBg==",
      "dev": true,
      "engines": {
        "node": "*"
      }
    },
    "node_modules/balanced-match": {
      "version": "1.0.0",
      "resolved": "https://registry.npmjs.org/balanced-match/-/balanced-match-1.0.0.tgz",
      "integrity": "sha1-ibTRmasr7kneFk6gK4nORi1xt2c= sha512-9Y0g0Q8rmSt+H33DfKv7FOc3v+iRI+o1lbzt8jGcIosYW37IIW/2XVYq5NPdmaD5NQ59Nk26Kl/vZbwW9Fr8vg==",
      "dev": true,
      "license": "MIT"
    },
    "node_modules/brace-expansion": {
      "version": "1.1.11",
      "resolved": "https://registry.npmjs.org/brace-expansion/-/brace-expansion-1.1.11.tgz",
      "integrity": "sha512-iCuPHDFgrHX7H2vEI/5xpz07zSHB00TpugqhmYtVmMO6518mCuRMoOYFldEBl0g187ufozdaHgWKcYFb61qGiA==",
      "dev": true,
      "license": "MIT",
      "dependencies": {
        "balanced-match": "^1.0.0",
        "concat-map": "0.0.1"
      }
    },
    "node_modules/buffer-crc32": {
      "version": "0.2.13",
      "resolved": "https://registry.npmjs.org/buffer-crc32/-/buffer-crc32-0.2.13.tgz",
      "integrity": "sha1-DTM+PwDqxQqhRUq9MO+MKl2ackI= sha512-VO9Ht/+p3SN7SKWqcrgEzjGbRSJYTx+Q1pTQC0wrWqHx0vpJraQ6GtHx8tvcg1rlK1byhU5gccxgOgj7B0TDkQ==",
      "license": "MIT",
      "engines": {
        "node": "*"
      }
    },
    "node_modules/clone": {
      "version": "1.0.4",
      "resolved": "https://registry.npmjs.org/clone/-/clone-1.0.4.tgz",
      "integrity": "sha1-2jCcwmPfFZlMaIypAheco8fNfH4= sha512-JQHZ2QMW6l3aH/j6xCqQThY/9OH4D/9ls34cgkUBiEeocRTU04tHfKPBsUK1PqZCUQM7GiA0IIXJSuXHI64Kbg==",
      "dev": true,
      "license": "MIT",
      "engines": {
        "node": ">=0.8"
      }
    },
    "node_modules/columnify": {
      "version": "1.5.4",
      "resolved": "https://registry.npmjs.org/columnify/-/columnify-1.5.4.tgz",
      "integrity": "sha1-Rzfd8ce2mop8NAVweC6UfuyOeLs= sha512-rFl+iXVT1nhLQPfGDw+3WcS8rmm7XsLKUmhsGE3ihzzpIikeGrTaZPIRKYWeLsLBypsHzjXIvYEltVUZS84XxQ==",
      "dev": true,
      "license": "MIT",
      "dependencies": {
        "strip-ansi": "^3.0.0",
        "wcwidth": "^1.0.0"
      }
    },
    "node_modules/concat-map": {
      "version": "0.0.1",
      "resolved": "https://registry.npmjs.org/concat-map/-/concat-map-0.0.1.tgz",
      "integrity": "sha1-2Klr13/Wjfd5OnMDajug1UBdR3s= sha512-/Srv4dswyQNBfohGpz9o6Yb3Gz3SrUDqBH5rTuhGR7ahtlbYKnVxw2bCFMRljaA7EXHaXZ8wsHdodFvbkhKmqg==",
      "dev": true,
      "license": "MIT"
    },
    "node_modules/defaults": {
      "version": "1.0.3",
      "resolved": "https://registry.npmjs.org/defaults/-/defaults-1.0.3.tgz",
      "integrity": "sha1-xlYFHpgX2f8I7YgUd/P+QBnz730= sha512-s82itHOnYrN0Ib8r+z7laQz3sdE+4FP3d9Q7VLO7U+KRT+CR0GsWuyHxzdAY82I7cXv0G/twrqomTJLOssO5HA==",
      "dev": true,
      "license": "MIT",
      "dependencies": {
        "clone": "^1.0.2"
      }
    },
    "node_modules/du": {
      "version": "0.1.0",
      "resolved": "https://registry.npmjs.org/du/-/du-0.1.0.tgz",
      "integrity": "sha1-8m40CgnHvFtv1pr2263qYPqMb00= sha512-EJO+K0UaiXwRqgzEbtI1eqRJTGp4ooPCH+hJDJhuR4xbOiovqTWrvXfjzhJF6AkrE3jelGd6WFltPbD/ywRifQ==",
      "deprecated": "no longer maintained",
      "dev": true,
      "dependencies": {
        "async": "~0.1.22"
      },
      "bin": {
        "dujs": "du.js"
      }
    },
    "node_modules/fd-slicer": {
      "version": "1.0.1",
      "resolved": "https://registry.npmjs.org/fd-slicer/-/fd-slicer-1.0.1.tgz",
      "integrity": "sha1-i1vL2ewyfFBBv5qwI/1nUPEXfmU= sha512-MX1ZLPIuKED51hrI4++K+1B0VX87Cs4EkybD2q12Ysuf5p4vkmHqMvQJRlDwROqFr4D2Pzyit5wGQxf30grIcw==",
      "license": "MIT",
      "dependencies": {
        "pend": "~1.2.0"
      }
    },
    "node_modules/fs.realpath": {
      "version": "1.0.0",
      "resolved": "https://registry.npmjs.org/fs.realpath/-/fs.realpath-1.0.0.tgz",
      "integrity": "sha1-FQStJSMVjKpA20onh8sBQRmU6k8= sha512-OO0pH2lK6a0hZnAdau5ItzHPI6pUlvI7jMVnxUQRtw4owF2wk8lOSabtGDCTP4Ggrg2MbGnWO9X8K1t4+fGMDw==",
      "dev": true,
      "license": "ISC"
    },
    "node_modules/fstream": {
      "version": "1.0.11",
      "resolved": "https://registry.npmjs.org/fstream/-/fstream-1.0.11.tgz",
      "integrity": "sha1-XB+x8RdHcRTwYyoOtLcbPLD9MXE= sha512-2Xg8XA70uvyriqd1J6T/6V74WeQWHCn65hTSAWcZgKCOCo7nN6hoqgFrYPLJ9Yzbryrp/VIruHXsDyZIqZ1SvQ==",
      "deprecated": "This package is no longer supported.",
      "dev": true,
      "license": "ISC",
      "dependencies": {
        "graceful-fs": "^4.1.2",
        "inherits": "~2.0.0",
        "mkdirp": ">=0.5 0",
        "rimraf": "2"
      },
      "engines": {
        "node": ">=0.6"
      }
    },
    "node_modules/fstream-ignore": {
      "version": "1.0.5",
      "resolved": "https://registry.npmjs.org/fstream-ignore/-/fstream-ignore-1.0.5.tgz",
      "integrity": "sha1-nDHa40dnAY/h0kmyTa2mfQktoQU= sha512-VVRuOs41VUqptEGiR0N5ZoWEcfGvbGRqLINyZAhHRnF3DH5wrqjNkYr3VbRoZnI41BZgO7zIVdiobc13TVI1ow==",
      "deprecated": "This package is no longer supported.",
      "dev": true,
      "license": "ISC",
      "dependencies": {
        "fstream": "^1.0.0",
        "inherits": "2",
        "minimatch": "^3.0.0"
      }
    },
    "node_modules/fstream-npm": {
      "version": "1.2.1",
      "resolved": "https://registry.npmjs.org/fstream-npm/-/fstream-npm-1.2.1.tgz",
      "integrity": "sha512-iBHpm/LmD1qw0TlHMAqVd9rwdU6M+EHRUnPkXpRi5G/Hf0FIFH+oZFryodAU2MFNfGRh/CzhUFlMKV3pdeOTDw==",
      "deprecated": "This package is no longer supported.",
      "dev": true,
      "license": "ISC",
      "dependencies": {
        "fstream-ignore": "^1.0.0",
        "inherits": "2"
      }
    },
    "node_modules/glob": {
      "version": "7.1.2",
      "resolved": "https://registry.npmjs.org/glob/-/glob-7.1.2.tgz",
      "integrity": "sha512-MJTUg1kjuLeQCJ+ccE4Vpa6kKVXkPYJ2mOCQyUuKLcLQsdrMCpBPUi8qVE6+YuaJkozeA9NusTAw3hLr8Xe5EQ==",
      "deprecated": "Glob versions prior to v9 are no longer supported",
      "dev": true,
      "license": "ISC",
      "dependencies": {
        "fs.realpath": "^1.0.0",
        "inflight": "^1.0.4",
        "inherits": "2",
        "minimatch": "^3.0.4",
        "once": "^1.3.0",
        "path-is-absolute": "^1.0.0"
      },
      "engines": {
        "node": "*"
      }
    },
    "node_modules/graceful-fs": {
      "version": "4.1.11",
      "resolved": "https://registry.npmjs.org/graceful-fs/-/graceful-fs-4.1.11.tgz",
      "integrity": "sha1-Dovf5NHduIVNZOBOp8AOKgJuVlg= sha512-9x6DLUuW+ROFdMTII9ec9t/FK8va6kYcC8/LggumssLM8kNv7IdFl3VrNUqgir2tJuBVxBga1QBoRziZacO5Zg==",
      "dev": true,
      "license": "ISC",
      "engines": {
        "node": ">=0.4.0"
      }
    },
    "node_modules/inflight": {
      "version": "1.0.6",
      "resolved": "https://registry.npmjs.org/inflight/-/inflight-1.0.6.tgz",
      "integrity": "sha1-Sb1jMdfQLQwJvJEKEHW6gWW1bfk= sha512-k92I/b08q4wvFscXCLvqfsHCrjrF7yiXsQuIVvVE7N82W3+aqpzuUdBbfhWcy/FZR3/4IgflMgKLOsvPDrGCJA==",
      "deprecated": "This module is not supported, and leaks memory. Do not use it. Check out lru-cache if you want a good and tested way to coalesce async requests by a key value, which is much more comprehensive and powerful.",
      "dev": true,
      "license": "ISC",
      "dependencies": {
        "once": "^1.3.0",
        "wrappy": "1"
      }
    },
    "node_modules/inherits": {
      "version": "2.0.3",
      "resolved": "https://registry.npmjs.org/inherits/-/inherits-2.0.3.tgz",
      "integrity": "sha1-Yzwsg+PaQqUC9SRmAiSA9CCCYd4= sha512-x00IRNXNy63jwGkJmzPigoySHbaqpNuzKbBOmzK+g2OdZpQ9w+sxCN+VSB3ja7IAge2OP2qpfxTjeNcyjmW1uw==",
      "dev": true,
      "license": "ISC"
    },
    "node_modules/map-limit": {
      "version": "0.0.1",
      "resolved": "https://registry.npmjs.org/map-limit/-/map-limit-0.0.1.tgz",
      "integrity": "sha1-63lhAxwPDo0AG/LVb6toXViCLzg= sha512-pJpcfLPnIF/Sk3taPW21G/RQsEEirGaFpCW3oXRwH9dnFHPHNGjNyvh++rdmC2fNqEaTw2MhYJraoJWAHx8kEg==",
      "dev": true,
      "license": "MIT",
      "dependencies": {
        "once": "~1.3.0"
      }
    },
    "node_modules/minimatch": {
      "version": "3.0.4",
      "resolved": "https://registry.npmjs.org/minimatch/-/minimatch-3.0.4.tgz",
      "integrity": "sha512-yJHVQEhyqPLUTgt9B83PXu6W3rx4MvvHvSUvToogpwoGDOUQ+yDrR0HRot+yOCdCO7u4hX3pWft6kWBBcqh0UA==",
      "dev": true,
      "license": "ISC",
      "dependencies": {
        "brace-expansion": "^1.1.7"
      },
      "engines": {
        "node": "*"
      }
    },
    "node_modules/minimist": {
      "version": "1.2.0",
      "resolved": "https://registry.npmjs.org/minimist/-/minimist-1.2.0.tgz",
      "integrity": "sha1-o1AIsg9BOD7sH7kU9M1d95omQoQ= sha512-7Wl+Jz+IGWuSdgsQEJ4JunV0si/iMhg42MnQQG6h1R6TNeVenp4U9x5CC5v/gYqz/fENLQITAWXidNtVL0NNbw==",
      "dev": true,
      "license": "MIT"
    },
    "node_modules/mkdirp": {
      "version": "0.5.1",
      "resolved": "https://registry.npmjs.org/mkdirp/-/mkdirp-0.5.1.tgz",
      "integrity": "sha1-MAV0OOrGz3+MR2fzhkjWaX11yQM= sha512-SknJC52obPfGQPnjIkXbmA6+5H15E+fR+E4iR2oQ3zzCLbd7/ONua69R/Gw7AgkTLsRG+r5fzksYwWe1AgTyWA==",
      "deprecated": "Legacy versions of mkdirp are no longer supported. Please update to mkdirp 1.x. (Note that the API surface has changed to use Promises in 1.x.)",
      "dev": true,
      "license": "MIT",
      "dependencies": {
        "minimist": "0.0.8"
      },
      "bin": {
        "mkdirp": "bin/cmd.js"
      }
    },
    "node_modules/mkdirp/node_modules/minimist": {
      "version": "0.0.8",
      "resolved": "https://registry.npmjs.org/minimist/-/minimist-0.0.8.tgz",
      "integrity": "sha1-hX/Kv8M5fSYluCKCYuhqp6ARsF0= sha512-miQKw5Hv4NS1Psg2517mV4e4dYNaO3++hjAvLOAzKqZ61rH8NS1SK+vbfBWZ5PY/Me/bEWhUwqMghEW5Fb9T7Q==",
      "dev": true,
      "license": "MIT"
    },
    "node_modules/once": {
      "version": "1.3.3",
      "resolved": "https://registry.npmjs.org/once/-/once-1.3.3.tgz",
      "integrity": "sha1-suJhVXzkwxTsgwTz+oJmPkKXyiA= sha512-6vaNInhu+CHxtONf3zw3vq4SP2DOQhjBvIa3rNcG0+P7eKWlYH6Peu7rHizSloRU2EwMz6GraLieis9Ac9+p1w==",
      "dev": true,
      "license": "ISC",
      "dependencies": {
        "wrappy": "1"
      }
    },
    "node_modules/path-is-absolute": {
      "version": "1.0.1",
      "resolved": "https://registry.npmjs.org/path-is-absolute/-/path-is-absolute-1.0.1.tgz",
      "integrity": "sha1-F0uSaHNVNP+8es5r9TpanhtcX18= sha512-AVbw3UJ2e9bq64vSaS9Am0fje1Pa8pbGqTTsmXfaIiMpnr5DlDhfJOuLj9Sf95ZPVDAUerDfEk88MPmPe7UCQg==",
      "dev": true,
      "license": "MIT",
      "engines": {
        "node": ">=0.10.0"
      }
    },
    "node_modules/pend": {
      "version": "1.2.0",
      "resolved": "https://registry.npmjs.org/pend/-/pend-1.2.0.tgz",
      "integrity": "sha1-elfrVQpng/kRUzH89GY9XI4AelA= sha512-F3asv42UuXchdzt+xXqfW1OGlVBe+mxa2mqI0pg5yAHZPvFmY3Y6drSf/GQ1A86WgWEN9Kzh/WrgKa6iGcHXLg==",
      "license": "MIT"
    },
    "node_modules/pkgfiles": {
      "version": "2.3.2",
      "resolved": "https://registry.npmjs.org/pkgfiles/-/pkgfiles-2.3.2.tgz",
      "integrity": "sha1-G1SnqNvjLKqEsJVfRJF+FQDTPQU= sha512-YCgYKDMT26+OjZSYTa5nIdTnWEz/IOOscrnBlfhH1N8bXVDePVDhw60iQKfdElFXYnKHflxTTfyoWWhJ2ypnVw==",
      "dev": true,
      "license": "MIT",
      "dependencies": {
        "columnify": "^1.5.4",
        "du": "^0.1.0",
        "fstream-npm": "^1.2.0",
        "map-limit": "0.0.1",
        "minimist": "^1.2.0",
        "pkgresolve": "^1.1.4",
        "pretty-bytes": "^4.0.2"
      },
      "bin": {
        "pkgfiles": "bin/pkgfiles.js"
      }
    },
    "node_modules/pkgresolve": {
      "version": "1.1.4",
      "resolved": "https://registry.npmjs.org/pkgresolve/-/pkgresolve-1.1.4.tgz",
      "integrity": "sha1-D6SZyjZoiMMelzV0RsYFMCWuR7Y= sha512-8+LgSrTdDJqfQtYLITMnHX/JrlYm7vr5GTlatwUmaBMZn5dZ6+CdfNoTFaXqicfR96HAcFP31I/sKounThfWYg==",
      "dev": true,
      "license": "MIT",
      "dependencies": {
        "minimist": "~1.2.0"
      },
      "bin": {
        "pkgresolve": "bin/pkgresolve.js"
      }
    },
    "node_modules/prettier": {
      "version": "1.12.1",
      "resolved": "https://registry.npmjs.org/prettier/-/prettier-1.12.1.tgz",
      "integrity": "sha1-wa0g6APndJ+vkFpAnSNn4Gu+cyU= sha512-0pNl3XiDYDs4gikLFUt/EjdpQx9tDzexMJDs/Xfh3IrhNEd6mYJh0XipH7B1gxQVtT5ESJH7qpGXgNxRNDbTRA==",
      "dev": true,
      "license": "MIT",
      "bin": {
        "prettier": "bin-prettier.js"
      },
      "engines": {
        "node": ">=4"
      }
    },
    "node_modules/pretty-bytes": {
      "version": "4.0.2",
      "resolved": "https://registry.npmjs.org/pretty-bytes/-/pretty-bytes-4.0.2.tgz",
      "integrity": "sha1-sr+C5zUNZcbDOqlaqlpPYyf2HNk= sha512-yJAF+AjbHKlxQ8eezMd/34Mnj/YTQ3i6kLzvVsH4l/BfIFtp444n0wVbnsn66JimZ9uBofv815aRp1zCppxlWw==",
      "dev": true,
      "license": "MIT",
      "engines": {
        "node": ">=4"
      }
    },
    "node_modules/progress": {
      "version": "2.0.0",
      "resolved": "https://registry.npmjs.org/progress/-/progress-2.0.0.tgz",
      "integrity": "sha1-ihvjZr+Pwj2yvSPxDG/pILQ4nR8= sha512-TRNLrLfTyjKMs865PwLv6WM5TTMRvzqcZTkKaMVd0ooNM0fnMM8aEp0/7IpnGo295TAiI13Ju30zBZK0rdWZUg==",
      "license": "MIT",
      "engines": {
        "node": ">=0.4.0"
      }
    },
    "node_modules/rimraf": {
      "version": "2.6.2",
      "resolved": "https://registry.npmjs.org/rimraf/-/rimraf-2.6.2.tgz",
      "integrity": "sha512-lreewLK/BlghmxtfH36YYVg1i8IAce4TI7oao75I1g245+6BctqTVQiBP3YUJ9C6DQOXJmkYR9X9fCLtCOJc5w==",
      "deprecated": "Rimraf versions prior to v4 are no longer supported",
      "dev": true,
      "license": "ISC",
      "dependencies": {
        "glob": "^7.0.5"
      },
      "bin": {
        "rimraf": "bin.js"
      }
    },
    "node_modules/strip-ansi": {
      "version": "3.0.1",
      "resolved": "https://registry.npmjs.org/strip-ansi/-/strip-ansi-3.0.1.tgz",
      "integrity": "sha1-ajhfuIU9lS1f8F0Oiq+UJ43GPc8= sha512-VhumSSbBqDTP8p2ZLKj40UjBCV4+v8bUSEpUb4KjRgWk9pbqGF4REFj6KEagidb2f/M6AzC0EmFyDNGaw9OCzg==",
      "dev": true,
      "license": "MIT",
      "dependencies": {
        "ansi-regex": "^2.0.0"
      },
      "engines": {
        "node": ">=0.10.0"
      }
    },
    "node_modules/wcwidth": {
      "version": "1.0.1",
      "resolved": "https://registry.npmjs.org/wcwidth/-/wcwidth-1.0.1.tgz",
      "integrity": "sha1-8LDc+RW8X/FSivrbLA4XtTLaL+g= sha512-XHPEwS0q6TaxcvG85+8EYkbiCux2XtWG2mkc47Ng2A77BQu9+DqIOJldST4HgPkuea7dvKSj5VgX3P1d4rW8Tg==",
      "dev": true,
      "license": "MIT",
      "dependencies": {
        "defaults": "^1.0.3"
      }
    },
    "node_modules/wrappy": {
      "version": "1.0.2",
      "resolved": "https://registry.npmjs.org/wrappy/-/wrappy-1.0.2.tgz",
      "integrity": "sha1-tSQ9jz7BqjXxNkYFvA0QNuMKtp8= sha512-l4Sp/DRseor9wL6EvV2+TuQn63dMkPjZ/sp9XkghTEbV9KlPS1xUsZ3u7/IQO4wxtcFB4bgpQPRcR3QCvezPcQ==",
      "dev": true,
      "license": "ISC"
    },
    "node_modules/yauzl": {
      "version": "2.9.1",
      "resolved": "https://registry.npmjs.org/yauzl/-/yauzl-2.9.1.tgz",
      "integrity": "sha1-qBmB6nCleUYTOIPwKcWCGok1mn8= sha512-tOFjaiYI4cNrDuqujDv5G1KdCmGtuIULZqLv263CCADNQlNInl8sJPD+Gf3neEVecFQ0sw6D4oJTI/dqlunkSw==",
      "license": "MIT",
      "dependencies": {
        "buffer-crc32": "~0.2.3",
        "fd-slicer": "~1.0.1"
      }
    }
  }
}
